// !$*UTF8*$!
{
	archiveVersion = 1;
	classes = {
	};
	objectVersion = 46;
	objects = {

/* Begin PBXBuildFile section */
		6DEBDA89B72868E975024258 /* Pods_Gameventory.framework in Frameworks */ = {isa = PBXBuildFile; fileRef = C9BF953A45524B0CAA86D575 /* Pods_Gameventory.framework */; };
		7B559D3C1E95C5CD001A0F55 /* SearchViewController.swift in Sources */ = {isa = PBXBuildFile; fileRef = 7B559D3B1E95C5CD001A0F55 /* SearchViewController.swift */; };
		7B559D3E1E95D0FE001A0F55 /* SearchDataSource.swift in Sources */ = {isa = PBXBuildFile; fileRef = 7B559D3D1E95D0FE001A0F55 /* SearchDataSource.swift */; };
		7B93F5621EAE89B100CF3360 /* GameSearchResultCell.swift in Sources */ = {isa = PBXBuildFile; fileRef = 7B93F5611EAE89B100CF3360 /* GameSearchResultCell.swift */; };
		7B93F5641EAE8FC500CF3360 /* BacklogSectionPickerViewController.swift in Sources */ = {isa = PBXBuildFile; fileRef = 7B93F5631EAE8FC500CF3360 /* BacklogSectionPickerViewController.swift */; };
		7B93F5671EAEF0BA00CF3360 /* SourceSansPro-Light.ttf in Resources */ = {isa = PBXBuildFile; fileRef = 7B93F5651EAEF0BA00CF3360 /* SourceSansPro-Light.ttf */; };
		7B93F5681EAEF0BA00CF3360 /* SourceSansPro-Regular.ttf in Resources */ = {isa = PBXBuildFile; fileRef = 7B93F5661EAEF0BA00CF3360 /* SourceSansPro-Regular.ttf */; };
		7B93F56B1EAEF9A000CF3360 /* SourceSansPro-Semibold.ttf in Resources */ = {isa = PBXBuildFile; fileRef = 7B93F56A1EAEF9A000CF3360 /* SourceSansPro-Semibold.ttf */; };
		7B9770761EA840BD008A78DC /* GameCell.swift in Sources */ = {isa = PBXBuildFile; fileRef = 7B9770751EA840BD008A78DC /* GameCell.swift */; };
		7BB9AA5D1E8DFE0F00FBCC68 /* AppDelegate.swift in Sources */ = {isa = PBXBuildFile; fileRef = 7BB9AA5C1E8DFE0F00FBCC68 /* AppDelegate.swift */; };
		7BB9AA621E8DFE0F00FBCC68 /* Main.storyboard in Resources */ = {isa = PBXBuildFile; fileRef = 7BB9AA601E8DFE0F00FBCC68 /* Main.storyboard */; };
		7BB9AA641E8DFE0F00FBCC68 /* Assets.xcassets in Resources */ = {isa = PBXBuildFile; fileRef = 7BB9AA631E8DFE0F00FBCC68 /* Assets.xcassets */; };
		7BB9AA671E8DFE0F00FBCC68 /* LaunchScreen.storyboard in Resources */ = {isa = PBXBuildFile; fileRef = 7BB9AA651E8DFE0F00FBCC68 /* LaunchScreen.storyboard */; };
		7BB9AA721E8DFE0F00FBCC68 /* GameventoryTests.swift in Sources */ = {isa = PBXBuildFile; fileRef = 7BB9AA711E8DFE0F00FBCC68 /* GameventoryTests.swift */; };
		7BB9AA7D1E8DFE1000FBCC68 /* GameventoryUITests.swift in Sources */ = {isa = PBXBuildFile; fileRef = 7BB9AA7C1E8DFE1000FBCC68 /* GameventoryUITests.swift */; };
		7BB9AA8D1E8DFF5900FBCC68 /* GamesViewController.swift in Sources */ = {isa = PBXBuildFile; fileRef = 7BB9AA8C1E8DFF5900FBCC68 /* GamesViewController.swift */; };
		7BB9AA8F1E8E001500FBCC68 /* Game.swift in Sources */ = {isa = PBXBuildFile; fileRef = 7BB9AA8E1E8E001500FBCC68 /* Game.swift */; };
		7BC18AB81E8E0933009EF825 /* GameStore.swift in Sources */ = {isa = PBXBuildFile; fileRef = 7BC18AB71E8E0933009EF825 /* GameStore.swift */; };
		7BC4E13E1EAA7CDE000CEDBB /* GameDetailViewController.swift in Sources */ = {isa = PBXBuildFile; fileRef = 7BC4E13D1EAA7CDE000CEDBB /* GameDetailViewController.swift */; };
		7BC4E1441EAD5571000CEDBB /* ImageStore.swift in Sources */ = {isa = PBXBuildFile; fileRef = 7BC4E1431EAD5571000CEDBB /* ImageStore.swift */; };
		7BF02F3E1ED294B600AD93B0 /* LogInSignUpViewController.swift in Sources */ = {isa = PBXBuildFile; fileRef = 7BF02F3D1ED294B600AD93B0 /* LogInSignUpViewController.swift */; };
		7BF02F401ED29E7A00AD93B0 /* User.swift in Sources */ = {isa = PBXBuildFile; fileRef = 7BF02F3F1ED29E7A00AD93B0 /* User.swift */; };
		7BFA0B1A1EA6DB8700C7319E /* GameventoryAPI.swift in Sources */ = {isa = PBXBuildFile; fileRef = 7BFA0B191EA6DB8700C7319E /* GameventoryAPI.swift */; };
		7DED25E46F725DE3EEC5F7E9 /* Pods_GameventoryUITests.framework in Frameworks */ = {isa = PBXBuildFile; fileRef = 3CC2C341348332FADA8FC688 /* Pods_GameventoryUITests.framework */; };
		89A36945383FBB9627247550 /* Pods_GameventoryTests.framework in Frameworks */ = {isa = PBXBuildFile; fileRef = E6462824D9DE074369C15B22 /* Pods_GameventoryTests.framework */; };
/* End PBXBuildFile section */

/* Begin PBXContainerItemProxy section */
		7BB9AA6E1E8DFE0F00FBCC68 /* PBXContainerItemProxy */ = {
			isa = PBXContainerItemProxy;
			containerPortal = 7BB9AA511E8DFE0F00FBCC68 /* Project object */;
			proxyType = 1;
			remoteGlobalIDString = 7BB9AA581E8DFE0F00FBCC68;
			remoteInfo = Gameventory;
		};
		7BB9AA791E8DFE1000FBCC68 /* PBXContainerItemProxy */ = {
			isa = PBXContainerItemProxy;
			containerPortal = 7BB9AA511E8DFE0F00FBCC68 /* Project object */;
			proxyType = 1;
			remoteGlobalIDString = 7BB9AA581E8DFE0F00FBCC68;
			remoteInfo = Gameventory;
		};
/* End PBXContainerItemProxy section */

/* Begin PBXFileReference section */
		1EB38B206DFD484F509BCE02 /* Pods-GameventoryTests.debug.xcconfig */ = {isa = PBXFileReference; includeInIndex = 1; lastKnownFileType = text.xcconfig; name = "Pods-GameventoryTests.debug.xcconfig"; path = "Pods/Target Support Files/Pods-GameventoryTests/Pods-GameventoryTests.debug.xcconfig"; sourceTree = "<group>"; };
		25F8199207CEC7DFC6F11B4A /* Pods-Gameventory.release.xcconfig */ = {isa = PBXFileReference; includeInIndex = 1; lastKnownFileType = text.xcconfig; name = "Pods-Gameventory.release.xcconfig"; path = "Pods/Target Support Files/Pods-Gameventory/Pods-Gameventory.release.xcconfig"; sourceTree = "<group>"; };
		3CC2C341348332FADA8FC688 /* Pods_GameventoryUITests.framework */ = {isa = PBXFileReference; explicitFileType = wrapper.framework; includeInIndex = 0; path = Pods_GameventoryUITests.framework; sourceTree = BUILT_PRODUCTS_DIR; };
		6354DA5C10849EA24F5D6E45 /* Pods-GameventoryUITests.release.xcconfig */ = {isa = PBXFileReference; includeInIndex = 1; lastKnownFileType = text.xcconfig; name = "Pods-GameventoryUITests.release.xcconfig"; path = "Pods/Target Support Files/Pods-GameventoryUITests/Pods-GameventoryUITests.release.xcconfig"; sourceTree = "<group>"; };
		6CCB9B0A891815854E06CF2F /* Pods-GameventoryTests.release.xcconfig */ = {isa = PBXFileReference; includeInIndex = 1; lastKnownFileType = text.xcconfig; name = "Pods-GameventoryTests.release.xcconfig"; path = "Pods/Target Support Files/Pods-GameventoryTests/Pods-GameventoryTests.release.xcconfig"; sourceTree = "<group>"; };
		7B559D3B1E95C5CD001A0F55 /* SearchViewController.swift */ = {isa = PBXFileReference; fileEncoding = 4; lastKnownFileType = sourcecode.swift; path = SearchViewController.swift; sourceTree = "<group>"; };
		7B559D3D1E95D0FE001A0F55 /* SearchDataSource.swift */ = {isa = PBXFileReference; fileEncoding = 4; lastKnownFileType = sourcecode.swift; path = SearchDataSource.swift; sourceTree = "<group>"; };
		7B93F5611EAE89B100CF3360 /* GameSearchResultCell.swift */ = {isa = PBXFileReference; fileEncoding = 4; lastKnownFileType = sourcecode.swift; path = GameSearchResultCell.swift; sourceTree = "<group>"; };
		7B93F5631EAE8FC500CF3360 /* BacklogSectionPickerViewController.swift */ = {isa = PBXFileReference; fileEncoding = 4; lastKnownFileType = sourcecode.swift; path = BacklogSectionPickerViewController.swift; sourceTree = "<group>"; };
		7B93F5651EAEF0BA00CF3360 /* SourceSansPro-Light.ttf */ = {isa = PBXFileReference; lastKnownFileType = file; path = "SourceSansPro-Light.ttf"; sourceTree = "<group>"; };
		7B93F5661EAEF0BA00CF3360 /* SourceSansPro-Regular.ttf */ = {isa = PBXFileReference; lastKnownFileType = file; path = "SourceSansPro-Regular.ttf"; sourceTree = "<group>"; };
		7B93F56A1EAEF9A000CF3360 /* SourceSansPro-Semibold.ttf */ = {isa = PBXFileReference; lastKnownFileType = file; path = "SourceSansPro-Semibold.ttf"; sourceTree = "<group>"; };
		7B9770751EA840BD008A78DC /* GameCell.swift */ = {isa = PBXFileReference; fileEncoding = 4; lastKnownFileType = sourcecode.swift; path = GameCell.swift; sourceTree = "<group>"; };
		7BB9AA591E8DFE0F00FBCC68 /* Gameventory.app */ = {isa = PBXFileReference; explicitFileType = wrapper.application; includeInIndex = 0; path = Gameventory.app; sourceTree = BUILT_PRODUCTS_DIR; };
		7BB9AA5C1E8DFE0F00FBCC68 /* AppDelegate.swift */ = {isa = PBXFileReference; lastKnownFileType = sourcecode.swift; path = AppDelegate.swift; sourceTree = "<group>"; };
		7BB9AA611E8DFE0F00FBCC68 /* Base */ = {isa = PBXFileReference; lastKnownFileType = file.storyboard; name = Base; path = Base.lproj/Main.storyboard; sourceTree = "<group>"; };
		7BB9AA631E8DFE0F00FBCC68 /* Assets.xcassets */ = {isa = PBXFileReference; lastKnownFileType = folder.assetcatalog; path = Assets.xcassets; sourceTree = "<group>"; };
		7BB9AA661E8DFE0F00FBCC68 /* Base */ = {isa = PBXFileReference; lastKnownFileType = file.storyboard; name = Base; path = Base.lproj/LaunchScreen.storyboard; sourceTree = "<group>"; };
		7BB9AA681E8DFE0F00FBCC68 /* Info.plist */ = {isa = PBXFileReference; lastKnownFileType = text.plist.xml; path = Info.plist; sourceTree = "<group>"; };
		7BB9AA6D1E8DFE0F00FBCC68 /* GameventoryTests.xctest */ = {isa = PBXFileReference; explicitFileType = wrapper.cfbundle; includeInIndex = 0; path = GameventoryTests.xctest; sourceTree = BUILT_PRODUCTS_DIR; };
		7BB9AA711E8DFE0F00FBCC68 /* GameventoryTests.swift */ = {isa = PBXFileReference; lastKnownFileType = sourcecode.swift; path = GameventoryTests.swift; sourceTree = "<group>"; };
		7BB9AA731E8DFE0F00FBCC68 /* Info.plist */ = {isa = PBXFileReference; lastKnownFileType = text.plist.xml; path = Info.plist; sourceTree = "<group>"; };
		7BB9AA781E8DFE1000FBCC68 /* GameventoryUITests.xctest */ = {isa = PBXFileReference; explicitFileType = wrapper.cfbundle; includeInIndex = 0; path = GameventoryUITests.xctest; sourceTree = BUILT_PRODUCTS_DIR; };
		7BB9AA7C1E8DFE1000FBCC68 /* GameventoryUITests.swift */ = {isa = PBXFileReference; lastKnownFileType = sourcecode.swift; path = GameventoryUITests.swift; sourceTree = "<group>"; };
		7BB9AA7E1E8DFE1000FBCC68 /* Info.plist */ = {isa = PBXFileReference; lastKnownFileType = text.plist.xml; path = Info.plist; sourceTree = "<group>"; };
		7BB9AA8C1E8DFF5900FBCC68 /* GamesViewController.swift */ = {isa = PBXFileReference; fileEncoding = 4; lastKnownFileType = sourcecode.swift; path = GamesViewController.swift; sourceTree = "<group>"; };
		7BB9AA8E1E8E001500FBCC68 /* Game.swift */ = {isa = PBXFileReference; fileEncoding = 4; lastKnownFileType = sourcecode.swift; path = Game.swift; sourceTree = "<group>"; };
		7BC18AB71E8E0933009EF825 /* GameStore.swift */ = {isa = PBXFileReference; fileEncoding = 4; lastKnownFileType = sourcecode.swift; path = GameStore.swift; sourceTree = "<group>"; };
		7BC4E13D1EAA7CDE000CEDBB /* GameDetailViewController.swift */ = {isa = PBXFileReference; fileEncoding = 4; lastKnownFileType = sourcecode.swift; path = GameDetailViewController.swift; sourceTree = "<group>"; };
		7BC4E1431EAD5571000CEDBB /* ImageStore.swift */ = {isa = PBXFileReference; fileEncoding = 4; lastKnownFileType = sourcecode.swift; path = ImageStore.swift; sourceTree = "<group>"; };
		7BF02F3D1ED294B600AD93B0 /* LogInSignUpViewController.swift */ = {isa = PBXFileReference; fileEncoding = 4; lastKnownFileType = sourcecode.swift; path = LogInSignUpViewController.swift; sourceTree = "<group>"; };
		7BF02F3F1ED29E7A00AD93B0 /* User.swift */ = {isa = PBXFileReference; fileEncoding = 4; lastKnownFileType = sourcecode.swift; path = User.swift; sourceTree = "<group>"; };
		7BFA0B191EA6DB8700C7319E /* GameventoryAPI.swift */ = {isa = PBXFileReference; fileEncoding = 4; lastKnownFileType = sourcecode.swift; path = GameventoryAPI.swift; sourceTree = "<group>"; };
		96D35584FF421D2DA37CEEA5 /* Pods-Gameventory.debug.xcconfig */ = {isa = PBXFileReference; includeInIndex = 1; lastKnownFileType = text.xcconfig; name = "Pods-Gameventory.debug.xcconfig"; path = "Pods/Target Support Files/Pods-Gameventory/Pods-Gameventory.debug.xcconfig"; sourceTree = "<group>"; };
		BEF7E1607C253C9F6EC7B7C5 /* Pods-GameventoryUITests.debug.xcconfig */ = {isa = PBXFileReference; includeInIndex = 1; lastKnownFileType = text.xcconfig; name = "Pods-GameventoryUITests.debug.xcconfig"; path = "Pods/Target Support Files/Pods-GameventoryUITests/Pods-GameventoryUITests.debug.xcconfig"; sourceTree = "<group>"; };
		C9BF953A45524B0CAA86D575 /* Pods_Gameventory.framework */ = {isa = PBXFileReference; explicitFileType = wrapper.framework; includeInIndex = 0; path = Pods_Gameventory.framework; sourceTree = BUILT_PRODUCTS_DIR; };
		E6462824D9DE074369C15B22 /* Pods_GameventoryTests.framework */ = {isa = PBXFileReference; explicitFileType = wrapper.framework; includeInIndex = 0; path = Pods_GameventoryTests.framework; sourceTree = BUILT_PRODUCTS_DIR; };
/* End PBXFileReference section */

/* Begin PBXFrameworksBuildPhase section */
		7BB9AA561E8DFE0F00FBCC68 /* Frameworks */ = {
			isa = PBXFrameworksBuildPhase;
			buildActionMask = 2147483647;
			files = (
				6DEBDA89B72868E975024258 /* Pods_Gameventory.framework in Frameworks */,
			);
			runOnlyForDeploymentPostprocessing = 0;
		};
		7BB9AA6A1E8DFE0F00FBCC68 /* Frameworks */ = {
			isa = PBXFrameworksBuildPhase;
			buildActionMask = 2147483647;
			files = (
				89A36945383FBB9627247550 /* Pods_GameventoryTests.framework in Frameworks */,
			);
			runOnlyForDeploymentPostprocessing = 0;
		};
		7BB9AA751E8DFE1000FBCC68 /* Frameworks */ = {
			isa = PBXFrameworksBuildPhase;
			buildActionMask = 2147483647;
			files = (
				7DED25E46F725DE3EEC5F7E9 /* Pods_GameventoryUITests.framework in Frameworks */,
			);
			runOnlyForDeploymentPostprocessing = 0;
		};
/* End PBXFrameworksBuildPhase section */

/* Begin PBXGroup section */
		7B93F5691EAEF0C100CF3360 /* Resources */ = {
			isa = PBXGroup;
			children = (
				7B93F5651EAEF0BA00CF3360 /* SourceSansPro-Light.ttf */,
				7B93F5661EAEF0BA00CF3360 /* SourceSansPro-Regular.ttf */,
				7B93F56A1EAEF9A000CF3360 /* SourceSansPro-Semibold.ttf */,
			);
			name = Resources;
			sourceTree = "<group>";
		};
		7BB9AA501E8DFE0F00FBCC68 = {
			isa = PBXGroup;
			children = (
				7BB9AA5B1E8DFE0F00FBCC68 /* Gameventory */,
				7BB9AA701E8DFE0F00FBCC68 /* GameventoryTests */,
				7BB9AA7B1E8DFE1000FBCC68 /* GameventoryUITests */,
				7BB9AA5A1E8DFE0F00FBCC68 /* Products */,
				CC4CC155531C55DDCFE68BAD /* Pods */,
				E4FE419958BFA607DB2B3A68 /* Frameworks */,
			);
			sourceTree = "<group>";
		};
		7BB9AA5A1E8DFE0F00FBCC68 /* Products */ = {
			isa = PBXGroup;
			children = (
				7BB9AA591E8DFE0F00FBCC68 /* Gameventory.app */,
				7BB9AA6D1E8DFE0F00FBCC68 /* GameventoryTests.xctest */,
				7BB9AA781E8DFE1000FBCC68 /* GameventoryUITests.xctest */,
			);
			name = Products;
			sourceTree = "<group>";
		};
		7BB9AA5B1E8DFE0F00FBCC68 /* Gameventory */ = {
			isa = PBXGroup;
			children = (
				7BB9AA601E8DFE0F00FBCC68 /* Main.storyboard */,
				7BF02F3D1ED294B600AD93B0 /* LogInSignUpViewController.swift */,
				7BF02F3F1ED29E7A00AD93B0 /* User.swift */,
				7BB9AA5C1E8DFE0F00FBCC68 /* AppDelegate.swift */,
				7BB9AA8C1E8DFF5900FBCC68 /* GamesViewController.swift */,
				7BB9AA8E1E8E001500FBCC68 /* Game.swift */,
				7BC18AB71E8E0933009EF825 /* GameStore.swift */,
				7BC4E1431EAD5571000CEDBB /* ImageStore.swift */,
				7BFA0B191EA6DB8700C7319E /* GameventoryAPI.swift */,
				7B9770751EA840BD008A78DC /* GameCell.swift */,
				7B93F5611EAE89B100CF3360 /* GameSearchResultCell.swift */,
				7B559D3B1E95C5CD001A0F55 /* SearchViewController.swift */,
				7B559D3D1E95D0FE001A0F55 /* SearchDataSource.swift */,
				7B93F5631EAE8FC500CF3360 /* BacklogSectionPickerViewController.swift */,
				7BC4E13D1EAA7CDE000CEDBB /* GameDetailViewController.swift */,
				7BB9AA631E8DFE0F00FBCC68 /* Assets.xcassets */,
				7B93F5691EAEF0C100CF3360 /* Resources */,
				7BB9AA651E8DFE0F00FBCC68 /* LaunchScreen.storyboard */,
				7BB9AA681E8DFE0F00FBCC68 /* Info.plist */,
			);
			path = Gameventory;
			sourceTree = "<group>";
		};
		7BB9AA701E8DFE0F00FBCC68 /* GameventoryTests */ = {
			isa = PBXGroup;
			children = (
				7BB9AA711E8DFE0F00FBCC68 /* GameventoryTests.swift */,
				7BB9AA731E8DFE0F00FBCC68 /* Info.plist */,
			);
			path = GameventoryTests;
			sourceTree = "<group>";
		};
		7BB9AA7B1E8DFE1000FBCC68 /* GameventoryUITests */ = {
			isa = PBXGroup;
			children = (
				7BB9AA7C1E8DFE1000FBCC68 /* GameventoryUITests.swift */,
				7BB9AA7E1E8DFE1000FBCC68 /* Info.plist */,
			);
			path = GameventoryUITests;
			sourceTree = "<group>";
		};
		CC4CC155531C55DDCFE68BAD /* Pods */ = {
			isa = PBXGroup;
			children = (
				96D35584FF421D2DA37CEEA5 /* Pods-Gameventory.debug.xcconfig */,
				25F8199207CEC7DFC6F11B4A /* Pods-Gameventory.release.xcconfig */,
				1EB38B206DFD484F509BCE02 /* Pods-GameventoryTests.debug.xcconfig */,
				6CCB9B0A891815854E06CF2F /* Pods-GameventoryTests.release.xcconfig */,
				BEF7E1607C253C9F6EC7B7C5 /* Pods-GameventoryUITests.debug.xcconfig */,
				6354DA5C10849EA24F5D6E45 /* Pods-GameventoryUITests.release.xcconfig */,
			);
			name = Pods;
			sourceTree = "<group>";
		};
		E4FE419958BFA607DB2B3A68 /* Frameworks */ = {
			isa = PBXGroup;
			children = (
				C9BF953A45524B0CAA86D575 /* Pods_Gameventory.framework */,
				E6462824D9DE074369C15B22 /* Pods_GameventoryTests.framework */,
				3CC2C341348332FADA8FC688 /* Pods_GameventoryUITests.framework */,
			);
			name = Frameworks;
			sourceTree = "<group>";
		};
/* End PBXGroup section */

/* Begin PBXNativeTarget section */
		7BB9AA581E8DFE0F00FBCC68 /* Gameventory */ = {
			isa = PBXNativeTarget;
			buildConfigurationList = 7BB9AA811E8DFE1000FBCC68 /* Build configuration list for PBXNativeTarget "Gameventory" */;
			buildPhases = (
				82B1FCFE70E4DB99F504A2F8 /* [CP] Check Pods Manifest.lock */,
				7BB9AA551E8DFE0F00FBCC68 /* Sources */,
				7BB9AA561E8DFE0F00FBCC68 /* Frameworks */,
				7BB9AA571E8DFE0F00FBCC68 /* Resources */,
				B3D49CC554166FBB8F8CB0CD /* [CP] Embed Pods Frameworks */,
				C4081B29970A7FA45B43653B /* [CP] Copy Pods Resources */,
			);
			buildRules = (
			);
			dependencies = (
			);
			name = Gameventory;
			productName = Gameventory;
			productReference = 7BB9AA591E8DFE0F00FBCC68 /* Gameventory.app */;
			productType = "com.apple.product-type.application";
		};
		7BB9AA6C1E8DFE0F00FBCC68 /* GameventoryTests */ = {
			isa = PBXNativeTarget;
			buildConfigurationList = 7BB9AA841E8DFE1000FBCC68 /* Build configuration list for PBXNativeTarget "GameventoryTests" */;
			buildPhases = (
				6AB04AD97CEF466144C27D7D /* [CP] Check Pods Manifest.lock */,
				7BB9AA691E8DFE0F00FBCC68 /* Sources */,
				7BB9AA6A1E8DFE0F00FBCC68 /* Frameworks */,
				7BB9AA6B1E8DFE0F00FBCC68 /* Resources */,
				9BCD613E888243A0F302A7D4 /* [CP] Embed Pods Frameworks */,
				B64B26479DED08124EFAE762 /* [CP] Copy Pods Resources */,
			);
			buildRules = (
			);
			dependencies = (
				7BB9AA6F1E8DFE0F00FBCC68 /* PBXTargetDependency */,
			);
			name = GameventoryTests;
			productName = GameventoryTests;
			productReference = 7BB9AA6D1E8DFE0F00FBCC68 /* GameventoryTests.xctest */;
			productType = "com.apple.product-type.bundle.unit-test";
		};
		7BB9AA771E8DFE1000FBCC68 /* GameventoryUITests */ = {
			isa = PBXNativeTarget;
			buildConfigurationList = 7BB9AA871E8DFE1000FBCC68 /* Build configuration list for PBXNativeTarget "GameventoryUITests" */;
			buildPhases = (
				7CCE09DACD1F1ED960476C73 /* [CP] Check Pods Manifest.lock */,
				7BB9AA741E8DFE1000FBCC68 /* Sources */,
				7BB9AA751E8DFE1000FBCC68 /* Frameworks */,
				7BB9AA761E8DFE1000FBCC68 /* Resources */,
				5F043E884DADF00F115E08C6 /* [CP] Embed Pods Frameworks */,
				D2B66AC884D72819D1FF4E66 /* [CP] Copy Pods Resources */,
			);
			buildRules = (
			);
			dependencies = (
				7BB9AA7A1E8DFE1000FBCC68 /* PBXTargetDependency */,
			);
			name = GameventoryUITests;
			productName = GameventoryUITests;
			productReference = 7BB9AA781E8DFE1000FBCC68 /* GameventoryUITests.xctest */;
			productType = "com.apple.product-type.bundle.ui-testing";
		};
/* End PBXNativeTarget section */

/* Begin PBXProject section */
		7BB9AA511E8DFE0F00FBCC68 /* Project object */ = {
			isa = PBXProject;
			attributes = {
				LastSwiftUpdateCheck = 0830;
				LastUpgradeCheck = 0830;
				ORGANIZATIONNAME = Brent;
				TargetAttributes = {
					7BB9AA581E8DFE0F00FBCC68 = {
						CreatedOnToolsVersion = 8.3;
						DevelopmentTeam = P43K3F4W3K;
						ProvisioningStyle = Automatic;
					};
					7BB9AA6C1E8DFE0F00FBCC68 = {
						CreatedOnToolsVersion = 8.3;
						DevelopmentTeam = P43K3F4W3K;
						ProvisioningStyle = Automatic;
						TestTargetID = 7BB9AA581E8DFE0F00FBCC68;
					};
					7BB9AA771E8DFE1000FBCC68 = {
						CreatedOnToolsVersion = 8.3;
						DevelopmentTeam = P43K3F4W3K;
						ProvisioningStyle = Automatic;
						TestTargetID = 7BB9AA581E8DFE0F00FBCC68;
					};
				};
			};
			buildConfigurationList = 7BB9AA541E8DFE0F00FBCC68 /* Build configuration list for PBXProject "Gameventory" */;
			compatibilityVersion = "Xcode 3.2";
			developmentRegion = English;
			hasScannedForEncodings = 0;
			knownRegions = (
				en,
				Base,
			);
			mainGroup = 7BB9AA501E8DFE0F00FBCC68;
			productRefGroup = 7BB9AA5A1E8DFE0F00FBCC68 /* Products */;
			projectDirPath = "";
			projectRoot = "";
			targets = (
				7BB9AA581E8DFE0F00FBCC68 /* Gameventory */,
				7BB9AA6C1E8DFE0F00FBCC68 /* GameventoryTests */,
				7BB9AA771E8DFE1000FBCC68 /* GameventoryUITests */,
			);
		};
/* End PBXProject section */

/* Begin PBXResourcesBuildPhase section */
		7BB9AA571E8DFE0F00FBCC68 /* Resources */ = {
			isa = PBXResourcesBuildPhase;
			buildActionMask = 2147483647;
			files = (
				7B93F5681EAEF0BA00CF3360 /* SourceSansPro-Regular.ttf in Resources */,
				7BB9AA671E8DFE0F00FBCC68 /* LaunchScreen.storyboard in Resources */,
				7BB9AA641E8DFE0F00FBCC68 /* Assets.xcassets in Resources */,
				7BB9AA621E8DFE0F00FBCC68 /* Main.storyboard in Resources */,
				7B93F5671EAEF0BA00CF3360 /* SourceSansPro-Light.ttf in Resources */,
				7B93F56B1EAEF9A000CF3360 /* SourceSansPro-Semibold.ttf in Resources */,
			);
			runOnlyForDeploymentPostprocessing = 0;
		};
		7BB9AA6B1E8DFE0F00FBCC68 /* Resources */ = {
			isa = PBXResourcesBuildPhase;
			buildActionMask = 2147483647;
			files = (
			);
			runOnlyForDeploymentPostprocessing = 0;
		};
		7BB9AA761E8DFE1000FBCC68 /* Resources */ = {
			isa = PBXResourcesBuildPhase;
			buildActionMask = 2147483647;
			files = (
			);
			runOnlyForDeploymentPostprocessing = 0;
		};
/* End PBXResourcesBuildPhase section */

/* Begin PBXShellScriptBuildPhase section */
		5F043E884DADF00F115E08C6 /* [CP] Embed Pods Frameworks */ = {
			isa = PBXShellScriptBuildPhase;
			buildActionMask = 2147483647;
			files = (
			);
			inputPaths = (
			);
			name = "[CP] Embed Pods Frameworks";
			outputPaths = (
			);
			runOnlyForDeploymentPostprocessing = 0;
			shellPath = /bin/sh;
			shellScript = "\"${SRCROOT}/Pods/Target Support Files/Pods-GameventoryUITests/Pods-GameventoryUITests-frameworks.sh\"\n";
			showEnvVarsInLog = 0;
		};
		6AB04AD97CEF466144C27D7D /* [CP] Check Pods Manifest.lock */ = {
			isa = PBXShellScriptBuildPhase;
			buildActionMask = 2147483647;
			files = (
			);
			inputPaths = (
			);
			name = "[CP] Check Pods Manifest.lock";
			outputPaths = (
			);
			runOnlyForDeploymentPostprocessing = 0;
			shellPath = /bin/sh;
			shellScript = "diff \"${PODS_ROOT}/../Podfile.lock\" \"${PODS_ROOT}/Manifest.lock\" > /dev/null\nif [ $? != 0 ] ; then\n    # print error to STDERR\n    echo \"error: The sandbox is not in sync with the Podfile.lock. Run 'pod install' or update your CocoaPods installation.\" >&2\n    exit 1\nfi\n";
			showEnvVarsInLog = 0;
		};
		7CCE09DACD1F1ED960476C73 /* [CP] Check Pods Manifest.lock */ = {
			isa = PBXShellScriptBuildPhase;
			buildActionMask = 2147483647;
			files = (
			);
			inputPaths = (
			);
			name = "[CP] Check Pods Manifest.lock";
			outputPaths = (
			);
			runOnlyForDeploymentPostprocessing = 0;
			shellPath = /bin/sh;
			shellScript = "diff \"${PODS_ROOT}/../Podfile.lock\" \"${PODS_ROOT}/Manifest.lock\" > /dev/null\nif [ $? != 0 ] ; then\n    # print error to STDERR\n    echo \"error: The sandbox is not in sync with the Podfile.lock. Run 'pod install' or update your CocoaPods installation.\" >&2\n    exit 1\nfi\n";
			showEnvVarsInLog = 0;
		};
		82B1FCFE70E4DB99F504A2F8 /* [CP] Check Pods Manifest.lock */ = {
			isa = PBXShellScriptBuildPhase;
			buildActionMask = 2147483647;
			files = (
			);
			inputPaths = (
			);
			name = "[CP] Check Pods Manifest.lock";
			outputPaths = (
			);
			runOnlyForDeploymentPostprocessing = 0;
			shellPath = /bin/sh;
			shellScript = "diff \"${PODS_ROOT}/../Podfile.lock\" \"${PODS_ROOT}/Manifest.lock\" > /dev/null\nif [ $? != 0 ] ; then\n    # print error to STDERR\n    echo \"error: The sandbox is not in sync with the Podfile.lock. Run 'pod install' or update your CocoaPods installation.\" >&2\n    exit 1\nfi\n";
			showEnvVarsInLog = 0;
		};
		9BCD613E888243A0F302A7D4 /* [CP] Embed Pods Frameworks */ = {
			isa = PBXShellScriptBuildPhase;
			buildActionMask = 2147483647;
			files = (
			);
			inputPaths = (
			);
			name = "[CP] Embed Pods Frameworks";
			outputPaths = (
			);
			runOnlyForDeploymentPostprocessing = 0;
			shellPath = /bin/sh;
			shellScript = "\"${SRCROOT}/Pods/Target Support Files/Pods-GameventoryTests/Pods-GameventoryTests-frameworks.sh\"\n";
			showEnvVarsInLog = 0;
		};
		B3D49CC554166FBB8F8CB0CD /* [CP] Embed Pods Frameworks */ = {
			isa = PBXShellScriptBuildPhase;
			buildActionMask = 2147483647;
			files = (
			);
			inputPaths = (
			);
			name = "[CP] Embed Pods Frameworks";
			outputPaths = (
			);
			runOnlyForDeploymentPostprocessing = 0;
			shellPath = /bin/sh;
			shellScript = "\"${SRCROOT}/Pods/Target Support Files/Pods-Gameventory/Pods-Gameventory-frameworks.sh\"\n";
			showEnvVarsInLog = 0;
		};
		B64B26479DED08124EFAE762 /* [CP] Copy Pods Resources */ = {
			isa = PBXShellScriptBuildPhase;
			buildActionMask = 2147483647;
			files = (
			);
			inputPaths = (
			);
			name = "[CP] Copy Pods Resources";
			outputPaths = (
			);
			runOnlyForDeploymentPostprocessing = 0;
			shellPath = /bin/sh;
			shellScript = "\"${SRCROOT}/Pods/Target Support Files/Pods-GameventoryTests/Pods-GameventoryTests-resources.sh\"\n";
			showEnvVarsInLog = 0;
		};
		C4081B29970A7FA45B43653B /* [CP] Copy Pods Resources */ = {
			isa = PBXShellScriptBuildPhase;
			buildActionMask = 2147483647;
			files = (
			);
			inputPaths = (
			);
			name = "[CP] Copy Pods Resources";
			outputPaths = (
			);
			runOnlyForDeploymentPostprocessing = 0;
			shellPath = /bin/sh;
			shellScript = "\"${SRCROOT}/Pods/Target Support Files/Pods-Gameventory/Pods-Gameventory-resources.sh\"\n";
			showEnvVarsInLog = 0;
		};
		D2B66AC884D72819D1FF4E66 /* [CP] Copy Pods Resources */ = {
			isa = PBXShellScriptBuildPhase;
			buildActionMask = 2147483647;
			files = (
			);
			inputPaths = (
			);
			name = "[CP] Copy Pods Resources";
			outputPaths = (
			);
			runOnlyForDeploymentPostprocessing = 0;
			shellPath = /bin/sh;
			shellScript = "\"${SRCROOT}/Pods/Target Support Files/Pods-GameventoryUITests/Pods-GameventoryUITests-resources.sh\"\n";
			showEnvVarsInLog = 0;
		};
/* End PBXShellScriptBuildPhase section */

/* Begin PBXSourcesBuildPhase section */
		7BB9AA551E8DFE0F00FBCC68 /* Sources */ = {
			isa = PBXSourcesBuildPhase;
			buildActionMask = 2147483647;
			files = (
				7B93F5641EAE8FC500CF3360 /* BacklogSectionPickerViewController.swift in Sources */,
				7BFA0B1A1EA6DB8700C7319E /* GameventoryAPI.swift in Sources */,
				7B559D3C1E95C5CD001A0F55 /* SearchViewController.swift in Sources */,
				7BB9AA8D1E8DFF5900FBCC68 /* GamesViewController.swift in Sources */,
				7BC4E1441EAD5571000CEDBB /* ImageStore.swift in Sources */,
				7B9770761EA840BD008A78DC /* GameCell.swift in Sources */,
				7BF02F401ED29E7A00AD93B0 /* User.swift in Sources */,
				7BC4E13E1EAA7CDE000CEDBB /* GameDetailViewController.swift in Sources */,
				7BC18AB81E8E0933009EF825 /* GameStore.swift in Sources */,
				7BF02F3E1ED294B600AD93B0 /* LogInSignUpViewController.swift in Sources */,
				7B93F5621EAE89B100CF3360 /* GameSearchResultCell.swift in Sources */,
				7BB9AA8F1E8E001500FBCC68 /* Game.swift in Sources */,
				7BB9AA5D1E8DFE0F00FBCC68 /* AppDelegate.swift in Sources */,
				7B559D3E1E95D0FE001A0F55 /* SearchDataSource.swift in Sources */,
			);
			runOnlyForDeploymentPostprocessing = 0;
		};
		7BB9AA691E8DFE0F00FBCC68 /* Sources */ = {
			isa = PBXSourcesBuildPhase;
			buildActionMask = 2147483647;
			files = (
				7BB9AA721E8DFE0F00FBCC68 /* GameventoryTests.swift in Sources */,
			);
			runOnlyForDeploymentPostprocessing = 0;
		};
		7BB9AA741E8DFE1000FBCC68 /* Sources */ = {
			isa = PBXSourcesBuildPhase;
			buildActionMask = 2147483647;
			files = (
				7BB9AA7D1E8DFE1000FBCC68 /* GameventoryUITests.swift in Sources */,
			);
			runOnlyForDeploymentPostprocessing = 0;
		};
/* End PBXSourcesBuildPhase section */

/* Begin PBXTargetDependency section */
		7BB9AA6F1E8DFE0F00FBCC68 /* PBXTargetDependency */ = {
			isa = PBXTargetDependency;
			target = 7BB9AA581E8DFE0F00FBCC68 /* Gameventory */;
			targetProxy = 7BB9AA6E1E8DFE0F00FBCC68 /* PBXContainerItemProxy */;
		};
		7BB9AA7A1E8DFE1000FBCC68 /* PBXTargetDependency */ = {
			isa = PBXTargetDependency;
			target = 7BB9AA581E8DFE0F00FBCC68 /* Gameventory */;
			targetProxy = 7BB9AA791E8DFE1000FBCC68 /* PBXContainerItemProxy */;
		};
/* End PBXTargetDependency section */

/* Begin PBXVariantGroup section */
		7BB9AA601E8DFE0F00FBCC68 /* Main.storyboard */ = {
			isa = PBXVariantGroup;
			children = (
				7BB9AA611E8DFE0F00FBCC68 /* Base */,
			);
			name = Main.storyboard;
			sourceTree = "<group>";
		};
		7BB9AA651E8DFE0F00FBCC68 /* LaunchScreen.storyboard */ = {
			isa = PBXVariantGroup;
			children = (
				7BB9AA661E8DFE0F00FBCC68 /* Base */,
			);
			name = LaunchScreen.storyboard;
			sourceTree = "<group>";
		};
/* End PBXVariantGroup section */

/* Begin XCBuildConfiguration section */
		7BB9AA7F1E8DFE1000FBCC68 /* Debug */ = {
			isa = XCBuildConfiguration;
			buildSettings = {
				ALWAYS_SEARCH_USER_PATHS = NO;
				CLANG_ANALYZER_NONNULL = YES;
				CLANG_ANALYZER_NUMBER_OBJECT_CONVERSION = YES_AGGRESSIVE;
				CLANG_CXX_LANGUAGE_STANDARD = "gnu++0x";
				CLANG_CXX_LIBRARY = "libc++";
				CLANG_ENABLE_MODULES = YES;
				CLANG_ENABLE_OBJC_ARC = YES;
				CLANG_WARN_BOOL_CONVERSION = YES;
				CLANG_WARN_CONSTANT_CONVERSION = YES;
				CLANG_WARN_DIRECT_OBJC_ISA_USAGE = YES_ERROR;
				CLANG_WARN_DOCUMENTATION_COMMENTS = YES;
				CLANG_WARN_EMPTY_BODY = YES;
				CLANG_WARN_ENUM_CONVERSION = YES;
				CLANG_WARN_INFINITE_RECURSION = YES;
				CLANG_WARN_INT_CONVERSION = YES;
				CLANG_WARN_OBJC_ROOT_CLASS = YES_ERROR;
				CLANG_WARN_SUSPICIOUS_MOVE = YES;
				CLANG_WARN_UNREACHABLE_CODE = YES;
				CLANG_WARN__DUPLICATE_METHOD_MATCH = YES;
				"CODE_SIGN_IDENTITY[sdk=iphoneos*]" = "iPhone Developer";
				COPY_PHASE_STRIP = NO;
				DEBUG_INFORMATION_FORMAT = dwarf;
				ENABLE_STRICT_OBJC_MSGSEND = YES;
				ENABLE_TESTABILITY = YES;
				GCC_C_LANGUAGE_STANDARD = gnu99;
				GCC_DYNAMIC_NO_PIC = NO;
				GCC_NO_COMMON_BLOCKS = YES;
				GCC_OPTIMIZATION_LEVEL = 0;
				GCC_PREPROCESSOR_DEFINITIONS = (
					"DEBUG=1",
					"$(inherited)",
				);
				GCC_WARN_64_TO_32_BIT_CONVERSION = YES;
				GCC_WARN_ABOUT_RETURN_TYPE = YES_ERROR;
				GCC_WARN_UNDECLARED_SELECTOR = YES;
				GCC_WARN_UNINITIALIZED_AUTOS = YES_AGGRESSIVE;
				GCC_WARN_UNUSED_FUNCTION = YES;
				GCC_WARN_UNUSED_VARIABLE = YES;
				IPHONEOS_DEPLOYMENT_TARGET = 10.3;
				MTL_ENABLE_DEBUG_INFO = YES;
				ONLY_ACTIVE_ARCH = YES;
				SDKROOT = iphoneos;
				SWIFT_ACTIVE_COMPILATION_CONDITIONS = DEBUG;
				SWIFT_OPTIMIZATION_LEVEL = "-Onone";
				TARGETED_DEVICE_FAMILY = "1,2";
			};
			name = Debug;
		};
		7BB9AA801E8DFE1000FBCC68 /* Release */ = {
			isa = XCBuildConfiguration;
			buildSettings = {
				ALWAYS_SEARCH_USER_PATHS = NO;
				CLANG_ANALYZER_NONNULL = YES;
				CLANG_ANALYZER_NUMBER_OBJECT_CONVERSION = YES_AGGRESSIVE;
				CLANG_CXX_LANGUAGE_STANDARD = "gnu++0x";
				CLANG_CXX_LIBRARY = "libc++";
				CLANG_ENABLE_MODULES = YES;
				CLANG_ENABLE_OBJC_ARC = YES;
				CLANG_WARN_BOOL_CONVERSION = YES;
				CLANG_WARN_CONSTANT_CONVERSION = YES;
				CLANG_WARN_DIRECT_OBJC_ISA_USAGE = YES_ERROR;
				CLANG_WARN_DOCUMENTATION_COMMENTS = YES;
				CLANG_WARN_EMPTY_BODY = YES;
				CLANG_WARN_ENUM_CONVERSION = YES;
				CLANG_WARN_INFINITE_RECURSION = YES;
				CLANG_WARN_INT_CONVERSION = YES;
				CLANG_WARN_OBJC_ROOT_CLASS = YES_ERROR;
				CLANG_WARN_SUSPICIOUS_MOVE = YES;
				CLANG_WARN_UNREACHABLE_CODE = YES;
				CLANG_WARN__DUPLICATE_METHOD_MATCH = YES;
				"CODE_SIGN_IDENTITY[sdk=iphoneos*]" = "iPhone Developer";
				COPY_PHASE_STRIP = NO;
				DEBUG_INFORMATION_FORMAT = "dwarf-with-dsym";
				ENABLE_NS_ASSERTIONS = NO;
				ENABLE_STRICT_OBJC_MSGSEND = YES;
				GCC_C_LANGUAGE_STANDARD = gnu99;
				GCC_NO_COMMON_BLOCKS = YES;
				GCC_WARN_64_TO_32_BIT_CONVERSION = YES;
				GCC_WARN_ABOUT_RETURN_TYPE = YES_ERROR;
				GCC_WARN_UNDECLARED_SELECTOR = YES;
				GCC_WARN_UNINITIALIZED_AUTOS = YES_AGGRESSIVE;
				GCC_WARN_UNUSED_FUNCTION = YES;
				GCC_WARN_UNUSED_VARIABLE = YES;
				IPHONEOS_DEPLOYMENT_TARGET = 10.3;
				MTL_ENABLE_DEBUG_INFO = NO;
				SDKROOT = iphoneos;
				SWIFT_OPTIMIZATION_LEVEL = "-Owholemodule";
				TARGETED_DEVICE_FAMILY = "1,2";
				VALIDATE_PRODUCT = YES;
			};
			name = Release;
		};
		7BB9AA821E8DFE1000FBCC68 /* Debug */ = {
			isa = XCBuildConfiguration;
			baseConfigurationReference = 96D35584FF421D2DA37CEEA5 /* Pods-Gameventory.debug.xcconfig */;
			buildSettings = {
				ASSETCATALOG_COMPILER_APPICON_NAME = AppIcon;
				DEVELOPMENT_TEAM = P43K3F4W3K;
				INFOPLIST_FILE = Gameventory/Info.plist;
				LD_RUNPATH_SEARCH_PATHS = "$(inherited) @executable_path/Frameworks";
				PRODUCT_BUNDLE_IDENTIFIER = com.whatbrentdo.Gameventory;
				PRODUCT_NAME = "$(TARGET_NAME)";
				SWIFT_VERSION = 3.0;
			};
			name = Debug;
		};
		7BB9AA831E8DFE1000FBCC68 /* Release */ = {
			isa = XCBuildConfiguration;
			baseConfigurationReference = 25F8199207CEC7DFC6F11B4A /* Pods-Gameventory.release.xcconfig */;
			buildSettings = {
				ASSETCATALOG_COMPILER_APPICON_NAME = AppIcon;
				DEVELOPMENT_TEAM = P43K3F4W3K;
				INFOPLIST_FILE = Gameventory/Info.plist;
				LD_RUNPATH_SEARCH_PATHS = "$(inherited) @executable_path/Frameworks";
				PRODUCT_BUNDLE_IDENTIFIER = com.whatbrentdo.Gameventory;
				PRODUCT_NAME = "$(TARGET_NAME)";
				SWIFT_VERSION = 3.0;
			};
			name = Release;
		};
		7BB9AA851E8DFE1000FBCC68 /* Debug */ = {
			isa = XCBuildConfiguration;
			baseConfigurationReference = 1EB38B206DFD484F509BCE02 /* Pods-GameventoryTests.debug.xcconfig */;
			buildSettings = {
				ALWAYS_EMBED_SWIFT_STANDARD_LIBRARIES = YES;
				BUNDLE_LOADER = "$(TEST_HOST)";
				DEVELOPMENT_TEAM = P43K3F4W3K;
				INFOPLIST_FILE = GameventoryTests/Info.plist;
				LD_RUNPATH_SEARCH_PATHS = "$(inherited) @executable_path/Frameworks @loader_path/Frameworks";
				PRODUCT_BUNDLE_IDENTIFIER = com.whatbrentdo.GameventoryTests;
				PRODUCT_NAME = "$(TARGET_NAME)";
				SWIFT_VERSION = 3.0;
				TEST_HOST = "$(BUILT_PRODUCTS_DIR)/Gameventory.app/Gameventory";
			};
			name = Debug;
		};
		7BB9AA861E8DFE1000FBCC68 /* Release */ = {
			isa = XCBuildConfiguration;
			baseConfigurationReference = 6CCB9B0A891815854E06CF2F /* Pods-GameventoryTests.release.xcconfig */;
			buildSettings = {
				ALWAYS_EMBED_SWIFT_STANDARD_LIBRARIES = YES;
				BUNDLE_LOADER = "$(TEST_HOST)";
				DEVELOPMENT_TEAM = P43K3F4W3K;
				INFOPLIST_FILE = GameventoryTests/Info.plist;
				LD_RUNPATH_SEARCH_PATHS = "$(inherited) @executable_path/Frameworks @loader_path/Frameworks";
				PRODUCT_BUNDLE_IDENTIFIER = com.whatbrentdo.GameventoryTests;
				PRODUCT_NAME = "$(TARGET_NAME)";
				SWIFT_VERSION = 3.0;
				TEST_HOST = "$(BUILT_PRODUCTS_DIR)/Gameventory.app/Gameventory";
			};
			name = Release;
		};
		7BB9AA881E8DFE1000FBCC68 /* Debug */ = {
			isa = XCBuildConfiguration;
			baseConfigurationReference = BEF7E1607C253C9F6EC7B7C5 /* Pods-GameventoryUITests.debug.xcconfig */;
			buildSettings = {
				ALWAYS_EMBED_SWIFT_STANDARD_LIBRARIES = YES;
				DEVELOPMENT_TEAM = P43K3F4W3K;
				INFOPLIST_FILE = GameventoryUITests/Info.plist;
				LD_RUNPATH_SEARCH_PATHS = "$(inherited) @executable_path/Frameworks @loader_path/Frameworks";
				PRODUCT_BUNDLE_IDENTIFIER = com.whatbrentdo.GameventoryUITests;
				PRODUCT_NAME = "$(TARGET_NAME)";
				SWIFT_VERSION = 3.0;
				TEST_TARGET_NAME = Gameventory;
			};
			name = Debug;
		};
		7BB9AA891E8DFE1000FBCC68 /* Release */ = {
			isa = XCBuildConfiguration;
			baseConfigurationReference = 6354DA5C10849EA24F5D6E45 /* Pods-GameventoryUITests.release.xcconfig */;
			buildSettings = {
				ALWAYS_EMBED_SWIFT_STANDARD_LIBRARIES = YES;
				DEVELOPMENT_TEAM = P43K3F4W3K;
				INFOPLIST_FILE = GameventoryUITests/Info.plist;
				LD_RUNPATH_SEARCH_PATHS = "$(inherited) @executable_path/Frameworks @loader_path/Frameworks";
				PRODUCT_BUNDLE_IDENTIFIER = com.whatbrentdo.GameventoryUITests;
				PRODUCT_NAME = "$(TARGET_NAME)";
				SWIFT_VERSION = 3.0;
				TEST_TARGET_NAME = Gameventory;
			};
			name = Release;
		};
/* End XCBuildConfiguration section */

/* Begin XCConfigurationList section */
		7BB9AA541E8DFE0F00FBCC68 /* Build configuration list for PBXProject "Gameventory" */ = {
			isa = XCConfigurationList;
			buildConfigurations = (
				7BB9AA7F1E8DFE1000FBCC68 /* Debug */,
				7BB9AA801E8DFE1000FBCC68 /* Release */,
			);
			defaultConfigurationIsVisible = 0;
			defaultConfigurationName = Release;
		};
		7BB9AA811E8DFE1000FBCC68 /* Build configuration list for PBXNativeTarget "Gameventory" */ = {
			isa = XCConfigurationList;
			buildConfigurations = (
				7BB9AA821E8DFE1000FBCC68 /* Debug */,
				7BB9AA831E8DFE1000FBCC68 /* Release */,
			);
			defaultConfigurationIsVisible = 0;
			defaultConfigurationName = Release;
		};
		7BB9AA841E8DFE1000FBCC68 /* Build configuration list for PBXNativeTarget "GameventoryTests" */ = {
			isa = XCConfigurationList;
			buildConfigurations = (
				7BB9AA851E8DFE1000FBCC68 /* Debug */,
				7BB9AA861E8DFE1000FBCC68 /* Release */,
			);
			defaultConfigurationIsVisible = 0;
			defaultConfigurationName = Release;
		};
		7BB9AA871E8DFE1000FBCC68 /* Build configuration list for PBXNativeTarget "GameventoryUITests" */ = {
			isa = XCConfigurationList;
			buildConfigurations = (
				7BB9AA881E8DFE1000FBCC68 /* Debug */,
				7BB9AA891E8DFE1000FBCC68 /* Release */,
			);
			defaultConfigurationIsVisible = 0;
			defaultConfigurationName = Release;
		};
/* End XCConfigurationList section */
	};
	rootObject = 7BB9AA511E8DFE0F00FBCC68 /* Project object */;
}
